<?xml version="1.0" encoding="utf-8"?>
<Project ToolsVersion="4.0" xmlns="http://schemas.microsoft.com/developer/msbuild/2003">
  <ItemGroup>
    <Filter Include="Core">
      <UniqueIdentifier>{2EB4837C-1AEB-840D-C3D7-6A10AFED000F}</UniqueIdentifier>
    </Filter>
    <Filter Include="util">
      <UniqueIdentifier>{43339F7C-2F6A-A00D-D856-8610C46C1C0F}</UniqueIdentifier>
    </Filter>
  </ItemGroup>
  <ItemGroup>
    <ClInclude Include="src\Core\Files.hpp">
      <Filter>Core</Filter>
    </ClInclude>
    <ClInclude Include="src\Core\Program.hpp">
      <Filter>Core</Filter>
    </ClInclude>
    <ClInclude Include="src\Core\Settings.hpp">
      <Filter>Core</Filter>
    </ClInclude>
    <ClInclude Include="src\pch.hpp" />
    <ClInclude Include="src\util\FileHandler.hpp">
      <Filter>util</Filter>
    </ClInclude>
    <ClInclude Include="src\util\LogHandler.hpp">
      <Filter>util</Filter>
    </ClInclude>
    <ClInclude Include="src\util\PrimitiveTypeHandler.hpp">
      <Filter>util</Filter>
    </ClInclude>
  </ItemGroup>
  <ItemGroup>
    <ClCompile Include="src\Core\Files.cpp">
      <Filter>Core</Filter>
    </ClCompile>
    <ClCompile Include="src\Core\Program.cpp">
      <Filter>Core</Filter>
    </ClCompile>
    <ClCompile Include="src\Core\Settings.cpp">
      <Filter>Core</Filter>
    </ClCompile>
    <ClCompile Include="src\main.cpp" />
    <ClCompile Include="src\pch.cpp" />
  </ItemGroup>
</Project>